
Microsoft Visual Studio Solution File, Format Version 12.00
# Visual Studio Version 17
VisualStudioVersion = 17.3.32819.101
MinimumVisualStudioVersion = 10.0.40219.1
Project("{FAE04EC0-301F-11D3-BF4B-00C04F79EFBC}") = "AllianceUI2", "AllianceUI2\AllianceUI2.csproj", "{3CE7436A-98ED-437C-A722-15EDF0BB01E6}"
EndProject
Global
	GlobalSection(SolutionConfigurationPlatforms) = preSolution
		Debug|Any CPU = Debug|Any CPU
		Release|Any CPU = Release|Any CPU
	EndGlobalSection
	GlobalSection(ProjectConfigurationPlatforms) = postSolution
		{3CE7436A-98ED-437C-A722-15EDF0BB01E6}.Debug|Any CPU.ActiveCfg = Debug|Any CPU
		{3CE7436A-98ED-437C-A722-15EDF0BB01E6}.Debug|Any CPU.Build.0 = Debug|Any CPU
		{3CE7436A-98ED-437C-A722-15EDF0BB01E6}.Release|Any CPU.ActiveCfg = Release|Any CPU
		{3CE7436A-98ED-437C-A722-15EDF0BB01E6}.Release|Any CPU.Build.0 = Release|Any CPU
	EndGlobalSection
	GlobalSection(SolutionProperties) = preSolution
		HideSolutionNode = FALSE
	EndGlobalSection
	GlobalSection(ExtensibilityGlobals) = postSolution
		SolutionGuid = {72E93128-F9C0-4DF8-BA19-0EAB1627D19E}
	EndGlobalSection
EndGlobal
